// !$*UTF8*$!
{
	archiveVersion = 1;
	classes = {
	};
	objectVersion = 56;
	objects = {

/* Begin PBXBuildFile section */
		2FEE87C129A1BF68000463B3 /* AppDelegate.swift in Sources */ = {isa = PBXBuildFile; fileRef = 2FEE87C029A1BF68000463B3 /* AppDelegate.swift */; };
		2FEE87C529A1BF68000463B3 /* Main.html in Resources */ = {isa = PBXBuildFile; fileRef = 2FEE87C329A1BF68000463B3 /* Main.html */; };
		2FEE87C729A1BF68000463B3 /* Icon.png in Resources */ = {isa = PBXBuildFile; fileRef = 2FEE87C629A1BF68000463B3 /* Icon.png */; };
		2FEE87C929A1BF68000463B3 /* Style.css in Resources */ = {isa = PBXBuildFile; fileRef = 2FEE87C829A1BF68000463B3 /* Style.css */; };
		2FEE87CB29A1BF68000463B3 /* Script.js in Resources */ = {isa = PBXBuildFile; fileRef = 2FEE87CA29A1BF68000463B3 /* Script.js */; };
		2FEE87CD29A1BF68000463B3 /* ViewController.swift in Sources */ = {isa = PBXBuildFile; fileRef = 2FEE87CC29A1BF68000463B3 /* ViewController.swift */; };
		2FEE87D029A1BF68000463B3 /* Main.storyboard in Resources */ = {isa = PBXBuildFile; fileRef = 2FEE87CE29A1BF68000463B3 /* Main.storyboard */; };
		2FEE87D229A1BF69000463B3 /* Assets.xcassets in Resources */ = {isa = PBXBuildFile; fileRef = 2FEE87D129A1BF69000463B3 /* Assets.xcassets */; };
		2FEE87DB29A1BF69000463B3 /* StreetPass for Mastodon Extension.appex in Embed Foundation Extensions */ = {isa = PBXBuildFile; fileRef = 2FEE87DA29A1BF69000463B3 /* StreetPass for Mastodon Extension.appex */; settings = {ATTRIBUTES = (RemoveHeadersOnCopy, ); }; };
		2FEE87E029A1BF69000463B3 /* SafariWebExtensionHandler.swift in Sources */ = {isa = PBXBuildFile; fileRef = 2FEE87DF29A1BF69000463B3 /* SafariWebExtensionHandler.swift */; };
		2FEE87F729A1BF69000463B3 /* browser-polyfill.js in Resources */ = {isa = PBXBuildFile; fileRef = 2FEE87ED29A1BF69000463B3 /* browser-polyfill.js */; };
		2FEE87F829A1BF69000463B3 /* popup.js in Resources */ = {isa = PBXBuildFile; fileRef = 2FEE87EE29A1BF69000463B3 /* popup.js */; };
		2FEE87F929A1BF69000463B3 /* icon128.png in Resources */ = {isa = PBXBuildFile; fileRef = 2FEE87EF29A1BF69000463B3 /* icon128.png */; };
		2FEE87FA29A1BF69000463B3 /* action-active.png in Resources */ = {isa = PBXBuildFile; fileRef = 2FEE87F029A1BF69000463B3 /* action-active.png */; };
		2FEE87FB29A1BF69000463B3 /* action-inactive.png in Resources */ = {isa = PBXBuildFile; fileRef = 2FEE87F129A1BF69000463B3 /* action-inactive.png */; };
		2FEE87FC29A1BF69000463B3 /* manifest.json in Resources */ = {isa = PBXBuildFile; fileRef = 2FEE87F229A1BF69000463B3 /* manifest.json */; };
		2FEE87FD29A1BF69000463B3 /* icon256.png in Resources */ = {isa = PBXBuildFile; fileRef = 2FEE87F329A1BF69000463B3 /* icon256.png */; };
		2FEE87FE29A1BF69000463B3 /* content-script.js in Resources */ = {isa = PBXBuildFile; fileRef = 2FEE87F429A1BF69000463B3 /* content-script.js */; };
		2FEE87FF29A1BF69000463B3 /* popup.css in Resources */ = {isa = PBXBuildFile; fileRef = 2FEE87F529A1BF69000463B3 /* popup.css */; };
		2FEE880029A1BF69000463B3 /* src in Resources */ = {isa = PBXBuildFile; fileRef = 2FEE87F629A1BF69000463B3 /* src */; };
/* End PBXBuildFile section */

/* Begin PBXContainerItemProxy section */
		2FEE87DC29A1BF69000463B3 /* PBXContainerItemProxy */ = {
			isa = PBXContainerItemProxy;
			containerPortal = 2FEE87B529A1BF68000463B3 /* Project object */;
			proxyType = 1;
			remoteGlobalIDString = 2FEE87D929A1BF69000463B3;
			remoteInfo = "StreetPass for Mastodon Extension";
		};
/* End PBXContainerItemProxy section */

/* Begin PBXCopyFilesBuildPhase section */
		2FEE87E829A1BF69000463B3 /* Embed Foundation Extensions */ = {
			isa = PBXCopyFilesBuildPhase;
			buildActionMask = 2147483647;
			dstPath = "";
			dstSubfolderSpec = 13;
			files = (
				2FEE87DB29A1BF69000463B3 /* StreetPass for Mastodon Extension.appex in Embed Foundation Extensions */,
			);
			name = "Embed Foundation Extensions";
			runOnlyForDeploymentPostprocessing = 0;
		};
/* End PBXCopyFilesBuildPhase section */

/* Begin PBXFileReference section */
		2FEE87BD29A1BF68000463B3 /* StreetPass for Mastodon.app */ = {isa = PBXFileReference; explicitFileType = wrapper.application; includeInIndex = 0; path = "StreetPass for Mastodon.app"; sourceTree = BUILT_PRODUCTS_DIR; };
		2FEE87C029A1BF68000463B3 /* AppDelegate.swift */ = {isa = PBXFileReference; lastKnownFileType = sourcecode.swift; path = AppDelegate.swift; sourceTree = "<group>"; };
		2FEE87C429A1BF68000463B3 /* Base */ = {isa = PBXFileReference; lastKnownFileType = text.html; name = Base; path = ../Base.lproj/Main.html; sourceTree = "<group>"; };
		2FEE87C629A1BF68000463B3 /* Icon.png */ = {isa = PBXFileReference; lastKnownFileType = image.png; path = Icon.png; sourceTree = "<group>"; };
		2FEE87C829A1BF68000463B3 /* Style.css */ = {isa = PBXFileReference; lastKnownFileType = text.css; path = Style.css; sourceTree = "<group>"; };
		2FEE87CA29A1BF68000463B3 /* Script.js */ = {isa = PBXFileReference; lastKnownFileType = sourcecode.javascript; path = Script.js; sourceTree = "<group>"; };
		2FEE87CC29A1BF68000463B3 /* ViewController.swift */ = {isa = PBXFileReference; lastKnownFileType = sourcecode.swift; path = ViewController.swift; sourceTree = "<group>"; };
		2FEE87CF29A1BF68000463B3 /* Base */ = {isa = PBXFileReference; lastKnownFileType = file.storyboard; name = Base; path = Base.lproj/Main.storyboard; sourceTree = "<group>"; };
		2FEE87D129A1BF69000463B3 /* Assets.xcassets */ = {isa = PBXFileReference; lastKnownFileType = folder.assetcatalog; path = Assets.xcassets; sourceTree = "<group>"; };
		2FEE87D329A1BF69000463B3 /* Info.plist */ = {isa = PBXFileReference; lastKnownFileType = text.plist.xml; path = Info.plist; sourceTree = "<group>"; };
		2FEE87D429A1BF69000463B3 /* StreetPass_for_Mastodon.entitlements */ = {isa = PBXFileReference; lastKnownFileType = text.plist.entitlements; path = StreetPass_for_Mastodon.entitlements; sourceTree = "<group>"; };
		2FEE87D529A1BF69000463B3 /* StreetPass for Mastodon.entitlements */ = {isa = PBXFileReference; lastKnownFileType = text.plist.entitlements; path = "StreetPass for Mastodon.entitlements"; sourceTree = "<group>"; };
		2FEE87DA29A1BF69000463B3 /* StreetPass for Mastodon Extension.appex */ = {isa = PBXFileReference; explicitFileType = "wrapper.app-extension"; includeInIndex = 0; path = "StreetPass for Mastodon Extension.appex"; sourceTree = BUILT_PRODUCTS_DIR; };
		2FEE87DF29A1BF69000463B3 /* SafariWebExtensionHandler.swift */ = {isa = PBXFileReference; lastKnownFileType = sourcecode.swift; path = SafariWebExtensionHandler.swift; sourceTree = "<group>"; };
		2FEE87E129A1BF69000463B3 /* Info.plist */ = {isa = PBXFileReference; lastKnownFileType = text.plist.xml; path = Info.plist; sourceTree = "<group>"; };
		2FEE87E229A1BF69000463B3 /* StreetPass_for_Mastodon_Extension.entitlements */ = {isa = PBXFileReference; lastKnownFileType = text.plist.entitlements; path = StreetPass_for_Mastodon_Extension.entitlements; sourceTree = "<group>"; };
		2FEE87ED29A1BF69000463B3 /* browser-polyfill.js */ = {isa = PBXFileReference; lastKnownFileType = sourcecode.javascript; name = "browser-polyfill.js"; path = "../../../dist-safari/browser-polyfill.js"; sourceTree = "<group>"; };
		2FEE87EE29A1BF69000463B3 /* popup.js */ = {isa = PBXFileReference; lastKnownFileType = sourcecode.javascript; name = popup.js; path = "../../../dist-safari/popup.js"; sourceTree = "<group>"; };
		2FEE87EF29A1BF69000463B3 /* icon128.png */ = {isa = PBXFileReference; lastKnownFileType = image.png; name = icon128.png; path = "../../../dist-safari/icon128.png"; sourceTree = "<group>"; };
		2FEE87F029A1BF69000463B3 /* action-active.png */ = {isa = PBXFileReference; lastKnownFileType = image.png; name = "action-active.png"; path = "../../../dist-safari/action-active.png"; sourceTree = "<group>"; };
		2FEE87F129A1BF69000463B3 /* action-inactive.png */ = {isa = PBXFileReference; lastKnownFileType = image.png; name = "action-inactive.png"; path = "../../../dist-safari/action-inactive.png"; sourceTree = "<group>"; };
		2FEE87F229A1BF69000463B3 /* manifest.json */ = {isa = PBXFileReference; lastKnownFileType = text.json; name = manifest.json; path = "../../../dist-safari/manifest.json"; sourceTree = "<group>"; };
		2FEE87F329A1BF69000463B3 /* icon256.png */ = {isa = PBXFileReference; lastKnownFileType = image.png; name = icon256.png; path = "../../../dist-safari/icon256.png"; sourceTree = "<group>"; };
		2FEE87F429A1BF69000463B3 /* content-script.js */ = {isa = PBXFileReference; lastKnownFileType = sourcecode.javascript; name = "content-script.js"; path = "../../../dist-safari/content-script.js"; sourceTree = "<group>"; };
		2FEE87F529A1BF69000463B3 /* popup.css */ = {isa = PBXFileReference; lastKnownFileType = text.css; name = popup.css; path = "../../../dist-safari/popup.css"; sourceTree = "<group>"; };
		2FEE87F629A1BF69000463B3 /* src */ = {isa = PBXFileReference; lastKnownFileType = folder; name = src; path = "../../../dist-safari/src"; sourceTree = "<group>"; };
/* End PBXFileReference section */

/* Begin PBXFrameworksBuildPhase section */
		2FEE87BA29A1BF68000463B3 /* Frameworks */ = {
			isa = PBXFrameworksBuildPhase;
			buildActionMask = 2147483647;
			files = (
			);
			runOnlyForDeploymentPostprocessing = 0;
		};
		2FEE87D729A1BF69000463B3 /* Frameworks */ = {
			isa = PBXFrameworksBuildPhase;
			buildActionMask = 2147483647;
			files = (
			);
			runOnlyForDeploymentPostprocessing = 0;
		};
/* End PBXFrameworksBuildPhase section */

/* Begin PBXGroup section */
		2FEE87B429A1BF68000463B3 = {
			isa = PBXGroup;
			children = (
				2FEE87BF29A1BF68000463B3 /* StreetPass for Mastodon */,
				2FEE87DE29A1BF69000463B3 /* StreetPass for Mastodon Extension */,
				2FEE87BE29A1BF68000463B3 /* Products */,
			);
			sourceTree = "<group>";
		};
		2FEE87BE29A1BF68000463B3 /* Products */ = {
			isa = PBXGroup;
			children = (
				2FEE87BD29A1BF68000463B3 /* StreetPass for Mastodon.app */,
				2FEE87DA29A1BF69000463B3 /* StreetPass for Mastodon Extension.appex */,
			);
			name = Products;
			sourceTree = "<group>";
		};
		2FEE87BF29A1BF68000463B3 /* StreetPass for Mastodon */ = {
			isa = PBXGroup;
			children = (
				2FEE87C029A1BF68000463B3 /* AppDelegate.swift */,
				2FEE87CC29A1BF68000463B3 /* ViewController.swift */,
				2FEE87CE29A1BF68000463B3 /* Main.storyboard */,
				2FEE87D129A1BF69000463B3 /* Assets.xcassets */,
				2FEE87D329A1BF69000463B3 /* Info.plist */,
				2FEE87D429A1BF69000463B3 /* StreetPass_for_Mastodon.entitlements */,
				2FEE87D529A1BF69000463B3 /* StreetPass for Mastodon.entitlements */,
				2FEE87C229A1BF68000463B3 /* Resources */,
			);
			path = "StreetPass for Mastodon";
			sourceTree = "<group>";
		};
		2FEE87C229A1BF68000463B3 /* Resources */ = {
			isa = PBXGroup;
			children = (
				2FEE87C329A1BF68000463B3 /* Main.html */,
				2FEE87C629A1BF68000463B3 /* Icon.png */,
				2FEE87C829A1BF68000463B3 /* Style.css */,
				2FEE87CA29A1BF68000463B3 /* Script.js */,
			);
			path = Resources;
			sourceTree = "<group>";
		};
		2FEE87DE29A1BF69000463B3 /* StreetPass for Mastodon Extension */ = {
			isa = PBXGroup;
			children = (
				2FEE87EC29A1BF69000463B3 /* Resources */,
				2FEE87DF29A1BF69000463B3 /* SafariWebExtensionHandler.swift */,
				2FEE87E129A1BF69000463B3 /* Info.plist */,
				2FEE87E229A1BF69000463B3 /* StreetPass_for_Mastodon_Extension.entitlements */,
			);
			path = "StreetPass for Mastodon Extension";
			sourceTree = "<group>";
		};
		2FEE87EC29A1BF69000463B3 /* Resources */ = {
			isa = PBXGroup;
			children = (
				2FEE87ED29A1BF69000463B3 /* browser-polyfill.js */,
				2FEE87EE29A1BF69000463B3 /* popup.js */,
				2FEE87EF29A1BF69000463B3 /* icon128.png */,
				2FEE87F029A1BF69000463B3 /* action-active.png */,
				2FEE87F129A1BF69000463B3 /* action-inactive.png */,
				2FEE87F229A1BF69000463B3 /* manifest.json */,
				2FEE87F329A1BF69000463B3 /* icon256.png */,
				2FEE87F429A1BF69000463B3 /* content-script.js */,
				2FEE87F529A1BF69000463B3 /* popup.css */,
				2FEE87F629A1BF69000463B3 /* src */,
			);
			name = Resources;
			path = "StreetPass for Mastodon Extension";
			sourceTree = SOURCE_ROOT;
		};
/* End PBXGroup section */

/* Begin PBXNativeTarget section */
		2FEE87BC29A1BF68000463B3 /* StreetPass for Mastodon */ = {
			isa = PBXNativeTarget;
			buildConfigurationList = 2FEE87E929A1BF69000463B3 /* Build configuration list for PBXNativeTarget "StreetPass for Mastodon" */;
			buildPhases = (
				2FEE87B929A1BF68000463B3 /* Sources */,
				2FEE87BA29A1BF68000463B3 /* Frameworks */,
				2FEE87BB29A1BF68000463B3 /* Resources */,
				2FEE87E829A1BF69000463B3 /* Embed Foundation Extensions */,
			);
			buildRules = (
			);
			dependencies = (
				2FEE87DD29A1BF69000463B3 /* PBXTargetDependency */,
			);
			name = "StreetPass for Mastodon";
			productName = "StreetPass for Mastodon";
			productReference = 2FEE87BD29A1BF68000463B3 /* StreetPass for Mastodon.app */;
			productType = "com.apple.product-type.application";
		};
		2FEE87D929A1BF69000463B3 /* StreetPass for Mastodon Extension */ = {
			isa = PBXNativeTarget;
			buildConfigurationList = 2FEE87E529A1BF69000463B3 /* Build configuration list for PBXNativeTarget "StreetPass for Mastodon Extension" */;
			buildPhases = (
				2FEE87D629A1BF69000463B3 /* Sources */,
				2FEE87D729A1BF69000463B3 /* Frameworks */,
				2FEE87D829A1BF69000463B3 /* Resources */,
			);
			buildRules = (
			);
			dependencies = (
			);
			name = "StreetPass for Mastodon Extension";
			productName = "StreetPass for Mastodon Extension";
			productReference = 2FEE87DA29A1BF69000463B3 /* StreetPass for Mastodon Extension.appex */;
			productType = "com.apple.product-type.app-extension";
		};
/* End PBXNativeTarget section */

/* Begin PBXProject section */
		2FEE87B529A1BF68000463B3 /* Project object */ = {
			isa = PBXProject;
			attributes = {
				BuildIndependentTargetsInParallel = 1;
				LastSwiftUpdateCheck = 1420;
				LastUpgradeCheck = 1420;
				TargetAttributes = {
					2FEE87BC29A1BF68000463B3 = {
						CreatedOnToolsVersion = 14.2;
					};
					2FEE87D929A1BF69000463B3 = {
						CreatedOnToolsVersion = 14.2;
					};
				};
			};
			buildConfigurationList = 2FEE87B829A1BF68000463B3 /* Build configuration list for PBXProject "StreetPass for Mastodon" */;
			compatibilityVersion = "Xcode 14.0";
			developmentRegion = en;
			hasScannedForEncodings = 0;
			knownRegions = (
				en,
				Base,
			);
			mainGroup = 2FEE87B429A1BF68000463B3;
			productRefGroup = 2FEE87BE29A1BF68000463B3 /* Products */;
			projectDirPath = "";
			projectRoot = "";
			targets = (
				2FEE87BC29A1BF68000463B3 /* StreetPass for Mastodon */,
				2FEE87D929A1BF69000463B3 /* StreetPass for Mastodon Extension */,
			);
		};
/* End PBXProject section */

/* Begin PBXResourcesBuildPhase section */
		2FEE87BB29A1BF68000463B3 /* Resources */ = {
			isa = PBXResourcesBuildPhase;
			buildActionMask = 2147483647;
			files = (
				2FEE87C729A1BF68000463B3 /* Icon.png in Resources */,
				2FEE87D029A1BF68000463B3 /* Main.storyboard in Resources */,
				2FEE87CB29A1BF68000463B3 /* Script.js in Resources */,
				2FEE87C529A1BF68000463B3 /* Main.html in Resources */,
				2FEE87D229A1BF69000463B3 /* Assets.xcassets in Resources */,
				2FEE87C929A1BF68000463B3 /* Style.css in Resources */,
			);
			runOnlyForDeploymentPostprocessing = 0;
		};
		2FEE87D829A1BF69000463B3 /* Resources */ = {
			isa = PBXResourcesBuildPhase;
			buildActionMask = 2147483647;
			files = (
				2FEE87F729A1BF69000463B3 /* browser-polyfill.js in Resources */,
				2FEE87FE29A1BF69000463B3 /* content-script.js in Resources */,
				2FEE87FD29A1BF69000463B3 /* icon256.png in Resources */,
				2FEE87FB29A1BF69000463B3 /* action-inactive.png in Resources */,
				2FEE87F829A1BF69000463B3 /* popup.js in Resources */,
				2FEE87FF29A1BF69000463B3 /* popup.css in Resources */,
				2FEE87F929A1BF69000463B3 /* icon128.png in Resources */,
				2FEE87FC29A1BF69000463B3 /* manifest.json in Resources */,
				2FEE87FA29A1BF69000463B3 /* action-active.png in Resources */,
				2FEE880029A1BF69000463B3 /* src in Resources */,
			);
			runOnlyForDeploymentPostprocessing = 0;
		};
/* End PBXResourcesBuildPhase section */

/* Begin PBXSourcesBuildPhase section */
		2FEE87B929A1BF68000463B3 /* Sources */ = {
			isa = PBXSourcesBuildPhase;
			buildActionMask = 2147483647;
			files = (
				2FEE87CD29A1BF68000463B3 /* ViewController.swift in Sources */,
				2FEE87C129A1BF68000463B3 /* AppDelegate.swift in Sources */,
			);
			runOnlyForDeploymentPostprocessing = 0;
		};
		2FEE87D629A1BF69000463B3 /* Sources */ = {
			isa = PBXSourcesBuildPhase;
			buildActionMask = 2147483647;
			files = (
				2FEE87E029A1BF69000463B3 /* SafariWebExtensionHandler.swift in Sources */,
			);
			runOnlyForDeploymentPostprocessing = 0;
		};
/* End PBXSourcesBuildPhase section */

/* Begin PBXTargetDependency section */
		2FEE87DD29A1BF69000463B3 /* PBXTargetDependency */ = {
			isa = PBXTargetDependency;
			target = 2FEE87D929A1BF69000463B3 /* StreetPass for Mastodon Extension */;
			targetProxy = 2FEE87DC29A1BF69000463B3 /* PBXContainerItemProxy */;
		};
/* End PBXTargetDependency section */

/* Begin PBXVariantGroup section */
		2FEE87C329A1BF68000463B3 /* Main.html */ = {
			isa = PBXVariantGroup;
			children = (
				2FEE87C429A1BF68000463B3 /* Base */,
			);
			name = Main.html;
			sourceTree = "<group>";
		};
		2FEE87CE29A1BF68000463B3 /* Main.storyboard */ = {
			isa = PBXVariantGroup;
			children = (
				2FEE87CF29A1BF68000463B3 /* Base */,
			);
			name = Main.storyboard;
			sourceTree = "<group>";
		};
/* End PBXVariantGroup section */

/* Begin XCBuildConfiguration section */
		2FEE87E329A1BF69000463B3 /* Debug */ = {
			isa = XCBuildConfiguration;
			buildSettings = {
				ALWAYS_SEARCH_USER_PATHS = NO;
				CLANG_ANALYZER_NONNULL = YES;
				CLANG_ANALYZER_NUMBER_OBJECT_CONVERSION = YES_AGGRESSIVE;
				CLANG_CXX_LANGUAGE_STANDARD = "gnu++20";
				CLANG_ENABLE_MODULES = YES;
				CLANG_ENABLE_OBJC_ARC = YES;
				CLANG_ENABLE_OBJC_WEAK = YES;
				CLANG_WARN_BLOCK_CAPTURE_AUTORELEASING = YES;
				CLANG_WARN_BOOL_CONVERSION = YES;
				CLANG_WARN_COMMA = YES;
				CLANG_WARN_CONSTANT_CONVERSION = YES;
				CLANG_WARN_DEPRECATED_OBJC_IMPLEMENTATIONS = YES;
				CLANG_WARN_DIRECT_OBJC_ISA_USAGE = YES_ERROR;
				CLANG_WARN_DOCUMENTATION_COMMENTS = YES;
				CLANG_WARN_EMPTY_BODY = YES;
				CLANG_WARN_ENUM_CONVERSION = YES;
				CLANG_WARN_INFINITE_RECURSION = YES;
				CLANG_WARN_INT_CONVERSION = YES;
				CLANG_WARN_NON_LITERAL_NULL_CONVERSION = YES;
				CLANG_WARN_OBJC_IMPLICIT_RETAIN_SELF = YES;
				CLANG_WARN_OBJC_LITERAL_CONVERSION = YES;
				CLANG_WARN_OBJC_ROOT_CLASS = YES_ERROR;
				CLANG_WARN_QUOTED_INCLUDE_IN_FRAMEWORK_HEADER = YES;
				CLANG_WARN_RANGE_LOOP_ANALYSIS = YES;
				CLANG_WARN_STRICT_PROTOTYPES = YES;
				CLANG_WARN_SUSPICIOUS_MOVE = YES;
				CLANG_WARN_UNGUARDED_AVAILABILITY = YES_AGGRESSIVE;
				CLANG_WARN_UNREACHABLE_CODE = YES;
				CLANG_WARN__DUPLICATE_METHOD_MATCH = YES;
				COPY_PHASE_STRIP = NO;
				DEBUG_INFORMATION_FORMAT = dwarf;
				ENABLE_STRICT_OBJC_MSGSEND = YES;
				ENABLE_TESTABILITY = YES;
				GCC_C_LANGUAGE_STANDARD = gnu11;
				GCC_DYNAMIC_NO_PIC = NO;
				GCC_NO_COMMON_BLOCKS = YES;
				GCC_OPTIMIZATION_LEVEL = 0;
				GCC_PREPROCESSOR_DEFINITIONS = (
					"DEBUG=1",
					"$(inherited)",
				);
				GCC_WARN_64_TO_32_BIT_CONVERSION = YES;
				GCC_WARN_ABOUT_RETURN_TYPE = YES_ERROR;
				GCC_WARN_UNDECLARED_SELECTOR = YES;
				GCC_WARN_UNINITIALIZED_AUTOS = YES_AGGRESSIVE;
				GCC_WARN_UNUSED_FUNCTION = YES;
				GCC_WARN_UNUSED_VARIABLE = YES;
				MACOSX_DEPLOYMENT_TARGET = 13.0;
				MTL_ENABLE_DEBUG_INFO = INCLUDE_SOURCE;
				MTL_FAST_MATH = YES;
				ONLY_ACTIVE_ARCH = YES;
				SDKROOT = macosx;
				SWIFT_ACTIVE_COMPILATION_CONDITIONS = DEBUG;
				SWIFT_OPTIMIZATION_LEVEL = "-Onone";
			};
			name = Debug;
		};
		2FEE87E429A1BF69000463B3 /* Release */ = {
			isa = XCBuildConfiguration;
			buildSettings = {
				ALWAYS_SEARCH_USER_PATHS = NO;
				CLANG_ANALYZER_NONNULL = YES;
				CLANG_ANALYZER_NUMBER_OBJECT_CONVERSION = YES_AGGRESSIVE;
				CLANG_CXX_LANGUAGE_STANDARD = "gnu++20";
				CLANG_ENABLE_MODULES = YES;
				CLANG_ENABLE_OBJC_ARC = YES;
				CLANG_ENABLE_OBJC_WEAK = YES;
				CLANG_WARN_BLOCK_CAPTURE_AUTORELEASING = YES;
				CLANG_WARN_BOOL_CONVERSION = YES;
				CLANG_WARN_COMMA = YES;
				CLANG_WARN_CONSTANT_CONVERSION = YES;
				CLANG_WARN_DEPRECATED_OBJC_IMPLEMENTATIONS = YES;
				CLANG_WARN_DIRECT_OBJC_ISA_USAGE = YES_ERROR;
				CLANG_WARN_DOCUMENTATION_COMMENTS = YES;
				CLANG_WARN_EMPTY_BODY = YES;
				CLANG_WARN_ENUM_CONVERSION = YES;
				CLANG_WARN_INFINITE_RECURSION = YES;
				CLANG_WARN_INT_CONVERSION = YES;
				CLANG_WARN_NON_LITERAL_NULL_CONVERSION = YES;
				CLANG_WARN_OBJC_IMPLICIT_RETAIN_SELF = YES;
				CLANG_WARN_OBJC_LITERAL_CONVERSION = YES;
				CLANG_WARN_OBJC_ROOT_CLASS = YES_ERROR;
				CLANG_WARN_QUOTED_INCLUDE_IN_FRAMEWORK_HEADER = YES;
				CLANG_WARN_RANGE_LOOP_ANALYSIS = YES;
				CLANG_WARN_STRICT_PROTOTYPES = YES;
				CLANG_WARN_SUSPICIOUS_MOVE = YES;
				CLANG_WARN_UNGUARDED_AVAILABILITY = YES_AGGRESSIVE;
				CLANG_WARN_UNREACHABLE_CODE = YES;
				CLANG_WARN__DUPLICATE_METHOD_MATCH = YES;
				COPY_PHASE_STRIP = NO;
				DEBUG_INFORMATION_FORMAT = "dwarf-with-dsym";
				ENABLE_NS_ASSERTIONS = NO;
				ENABLE_STRICT_OBJC_MSGSEND = YES;
				GCC_C_LANGUAGE_STANDARD = gnu11;
				GCC_NO_COMMON_BLOCKS = YES;
				GCC_WARN_64_TO_32_BIT_CONVERSION = YES;
				GCC_WARN_ABOUT_RETURN_TYPE = YES_ERROR;
				GCC_WARN_UNDECLARED_SELECTOR = YES;
				GCC_WARN_UNINITIALIZED_AUTOS = YES_AGGRESSIVE;
				GCC_WARN_UNUSED_FUNCTION = YES;
				GCC_WARN_UNUSED_VARIABLE = YES;
				MACOSX_DEPLOYMENT_TARGET = 13.0;
				MTL_ENABLE_DEBUG_INFO = NO;
				MTL_FAST_MATH = YES;
				SDKROOT = macosx;
				SWIFT_COMPILATION_MODE = wholemodule;
				SWIFT_OPTIMIZATION_LEVEL = "-O";
			};
			name = Release;
		};
		2FEE87E629A1BF69000463B3 /* Debug */ = {
			isa = XCBuildConfiguration;
			buildSettings = {
				CODE_SIGN_ENTITLEMENTS = "StreetPass for Mastodon Extension/StreetPass_for_Mastodon_Extension.entitlements";
				CODE_SIGN_STYLE = Automatic;
				CURRENT_PROJECT_VERSION = 1;
				ENABLE_HARDENED_RUNTIME = YES;
				GENERATE_INFOPLIST_FILE = YES;
				INFOPLIST_FILE = "StreetPass for Mastodon Extension/Info.plist";
				INFOPLIST_KEY_CFBundleDisplayName = "StreetPass for Mastodon Extension";
				INFOPLIST_KEY_NSHumanReadableCopyright = "";
				LD_RUNPATH_SEARCH_PATHS = (
					"$(inherited)",
					"@executable_path/../Frameworks",
					"@executable_path/../../../../Frameworks",
				);
				MACOSX_DEPLOYMENT_TARGET = 10.14;
				MARKETING_VERSION = 1.0;
				OTHER_LDFLAGS = (
					"-framework",
					SafariServices,
				);
				PRODUCT_BUNDLE_IDENTIFIER = "social.streetpass.StreetPass-for-Mastodon.Extension";
				PRODUCT_NAME = "$(TARGET_NAME)";
				SKIP_INSTALL = YES;
				SWIFT_EMIT_LOC_STRINGS = YES;
				SWIFT_VERSION = 5.0;
			};
			name = Debug;
		};
		2FEE87E729A1BF69000463B3 /* Release */ = {
			isa = XCBuildConfiguration;
			buildSettings = {
				CODE_SIGN_ENTITLEMENTS = "StreetPass for Mastodon Extension/StreetPass_for_Mastodon_Extension.entitlements";
				CODE_SIGN_STYLE = Automatic;
				CURRENT_PROJECT_VERSION = 1;
				ENABLE_HARDENED_RUNTIME = YES;
				GENERATE_INFOPLIST_FILE = YES;
				INFOPLIST_FILE = "StreetPass for Mastodon Extension/Info.plist";
				INFOPLIST_KEY_CFBundleDisplayName = "StreetPass for Mastodon Extension";
				INFOPLIST_KEY_NSHumanReadableCopyright = "";
				LD_RUNPATH_SEARCH_PATHS = (
					"$(inherited)",
					"@executable_path/../Frameworks",
					"@executable_path/../../../../Frameworks",
				);
				MACOSX_DEPLOYMENT_TARGET = 10.14;
				MARKETING_VERSION = 1.0;
				OTHER_LDFLAGS = (
					"-framework",
					SafariServices,
				);
				PRODUCT_BUNDLE_IDENTIFIER = "social.streetpass.StreetPass-for-Mastodon.Extension";
				PRODUCT_NAME = "$(TARGET_NAME)";
				SKIP_INSTALL = YES;
				SWIFT_EMIT_LOC_STRINGS = YES;
				SWIFT_VERSION = 5.0;
			};
			name = Release;
		};
		2FEE87EA29A1BF69000463B3 /* Debug */ = {
			isa = XCBuildConfiguration;
			buildSettings = {
				ALWAYS_EMBED_SWIFT_STANDARD_LIBRARIES = YES;
				ASSETCATALOG_COMPILER_APPICON_NAME = AppIcon;
				ASSETCATALOG_COMPILER_GLOBAL_ACCENT_COLOR_NAME = AccentColor;
				CODE_SIGN_ENTITLEMENTS = "StreetPass for Mastodon/StreetPass for Mastodon.entitlements";
				CODE_SIGN_STYLE = Automatic;
				COMBINE_HIDPI_IMAGES = YES;
				CURRENT_PROJECT_VERSION = 1;
				ENABLE_HARDENED_RUNTIME = YES;
				GENERATE_INFOPLIST_FILE = YES;
				INFOPLIST_FILE = "StreetPass for Mastodon/Info.plist";
				INFOPLIST_KEY_CFBundleDisplayName = "StreetPass for Mastodon";
				INFOPLIST_KEY_NSHumanReadableCopyright = "";
				INFOPLIST_KEY_NSMainStoryboardFile = Main;
				INFOPLIST_KEY_NSPrincipalClass = NSApplication;
				LD_RUNPATH_SEARCH_PATHS = (
					"$(inherited)",
					"@executable_path/../Frameworks",
				);
				MACOSX_DEPLOYMENT_TARGET = 10.14;
				MARKETING_VERSION = 1.0;
				OTHER_LDFLAGS = (
					"-framework",
					SafariServices,
					"-framework",
					WebKit,
				);
				PRODUCT_BUNDLE_IDENTIFIER = "social.streetpass.StreetPass-for-Mastodon";
				PRODUCT_NAME = "$(TARGET_NAME)";
				SWIFT_EMIT_LOC_STRINGS = YES;
				SWIFT_VERSION = 5.0;
			};
			name = Debug;
		};
		2FEE87EB29A1BF69000463B3 /* Release */ = {
			isa = XCBuildConfiguration;
			buildSettings = {
				ALWAYS_EMBED_SWIFT_STANDARD_LIBRARIES = YES;
				ASSETCATALOG_COMPILER_APPICON_NAME = AppIcon;
				ASSETCATALOG_COMPILER_GLOBAL_ACCENT_COLOR_NAME = AccentColor;
				CODE_SIGN_ENTITLEMENTS = "StreetPass for Mastodon/StreetPass for Mastodon.entitlements";
				CODE_SIGN_STYLE = Automatic;
				COMBINE_HIDPI_IMAGES = YES;
				CURRENT_PROJECT_VERSION = 1;
				ENABLE_HARDENED_RUNTIME = YES;
				GENERATE_INFOPLIST_FILE = YES;
				INFOPLIST_FILE = "StreetPass for Mastodon/Info.plist";
				INFOPLIST_KEY_CFBundleDisplayName = "StreetPass for Mastodon";
				INFOPLIST_KEY_NSHumanReadableCopyright = "";
				INFOPLIST_KEY_NSMainStoryboardFile = Main;
				INFOPLIST_KEY_NSPrincipalClass = NSApplication;
				LD_RUNPATH_SEARCH_PATHS = (
					"$(inherited)",
					"@executable_path/../Frameworks",
				);
				MACOSX_DEPLOYMENT_TARGET = 10.14;
				MARKETING_VERSION = 1.0;
				OTHER_LDFLAGS = (
					"-framework",
					SafariServices,
					"-framework",
					WebKit,
				);
				PRODUCT_BUNDLE_IDENTIFIER = "social.streetpass.StreetPass-for-Mastodon";
				PRODUCT_NAME = "$(TARGET_NAME)";
				SWIFT_EMIT_LOC_STRINGS = YES;
				SWIFT_VERSION = 5.0;
			};
			name = Release;
		};
/* End XCBuildConfiguration section */

/* Begin XCConfigurationList section */
		2FEE87B829A1BF68000463B3 /* Build configuration list for PBXProject "StreetPass for Mastodon" */ = {
			isa = XCConfigurationList;
			buildConfigurations = (
				2FEE87E329A1BF69000463B3 /* Debug */,
				2FEE87E429A1BF69000463B3 /* Release */,
			);
			defaultConfigurationIsVisible = 0;
			defaultConfigurationName = Release;
		};
		2FEE87E529A1BF69000463B3 /* Build configuration list for PBXNativeTarget "StreetPass for Mastodon Extension" */ = {
			isa = XCConfigurationList;
			buildConfigurations = (
				2FEE87E629A1BF69000463B3 /* Debug */,
				2FEE87E729A1BF69000463B3 /* Release */,
			);
			defaultConfigurationIsVisible = 0;
			defaultConfigurationName = Release;
		};
		2FEE87E929A1BF69000463B3 /* Build configuration list for PBXNativeTarget "StreetPass for Mastodon" */ = {
			isa = XCConfigurationList;
			buildConfigurations = (
				2FEE87EA29A1BF69000463B3 /* Debug */,
				2FEE87EB29A1BF69000463B3 /* Release */,
			);
			defaultConfigurationIsVisible = 0;
			defaultConfigurationName = Release;
		};
/* End XCConfigurationList section */
	};
	rootObject = 2FEE87B529A1BF68000463B3 /* Project object */;
}
