// !$*UTF8*$!
{
	archiveVersion = 1;
	classes = {
	};
	objectVersion = 56;
	objects = {

/* Begin PBXBuildFile section */
		2F9DDD9629A1BFFB009D4CB1 /* AppDelegate.swift in Sources */ = {isa = PBXBuildFile; fileRef = 2F9DDD9529A1BFFB009D4CB1 /* AppDelegate.swift */; };
		2F9DDD9A29A1BFFB009D4CB1 /* Main.html in Resources */ = {isa = PBXBuildFile; fileRef = 2F9DDD9829A1BFFB009D4CB1 /* Main.html */; };
		2F9DDD9C29A1BFFB009D4CB1 /* Icon.png in Resources */ = {isa = PBXBuildFile; fileRef = 2F9DDD9B29A1BFFB009D4CB1 /* Icon.png */; };
		2F9DDD9E29A1BFFB009D4CB1 /* Style.css in Resources */ = {isa = PBXBuildFile; fileRef = 2F9DDD9D29A1BFFB009D4CB1 /* Style.css */; };
		2F9DDDA029A1BFFB009D4CB1 /* Script.js in Resources */ = {isa = PBXBuildFile; fileRef = 2F9DDD9F29A1BFFB009D4CB1 /* Script.js */; };
		2F9DDDA229A1BFFB009D4CB1 /* ViewController.swift in Sources */ = {isa = PBXBuildFile; fileRef = 2F9DDDA129A1BFFB009D4CB1 /* ViewController.swift */; };
		2F9DDDA529A1BFFB009D4CB1 /* Main.storyboard in Resources */ = {isa = PBXBuildFile; fileRef = 2F9DDDA329A1BFFB009D4CB1 /* Main.storyboard */; };
		2F9DDDA729A1BFFC009D4CB1 /* Assets.xcassets in Resources */ = {isa = PBXBuildFile; fileRef = 2F9DDDA629A1BFFC009D4CB1 /* Assets.xcassets */; };
		2F9DDDB029A1BFFC009D4CB1 /* StreetPass for Mastodon Extension.appex in Embed Foundation Extensions */ = {isa = PBXBuildFile; fileRef = 2F9DDDAF29A1BFFC009D4CB1 /* StreetPass for Mastodon Extension.appex */; settings = {ATTRIBUTES = (RemoveHeadersOnCopy, ); }; };
		2F9DDDB529A1BFFC009D4CB1 /* SafariWebExtensionHandler.swift in Sources */ = {isa = PBXBuildFile; fileRef = 2F9DDDB429A1BFFC009D4CB1 /* SafariWebExtensionHandler.swift */; };
		2F9DDDCC29A1BFFC009D4CB1 /* browser-polyfill.js in Resources */ = {isa = PBXBuildFile; fileRef = 2F9DDDC229A1BFFC009D4CB1 /* browser-polyfill.js */; };
		2F9DDDCD29A1BFFC009D4CB1 /* popup.js in Resources */ = {isa = PBXBuildFile; fileRef = 2F9DDDC329A1BFFC009D4CB1 /* popup.js */; };
		2F9DDDCE29A1BFFC009D4CB1 /* icon128.png in Resources */ = {isa = PBXBuildFile; fileRef = 2F9DDDC429A1BFFC009D4CB1 /* icon128.png */; };
		2F9DDDCF29A1BFFC009D4CB1 /* action-active.png in Resources */ = {isa = PBXBuildFile; fileRef = 2F9DDDC529A1BFFC009D4CB1 /* action-active.png */; };
		2F9DDDD029A1BFFC009D4CB1 /* action-inactive.png in Resources */ = {isa = PBXBuildFile; fileRef = 2F9DDDC629A1BFFC009D4CB1 /* action-inactive.png */; };
		2F9DDDD129A1BFFC009D4CB1 /* manifest.json in Resources */ = {isa = PBXBuildFile; fileRef = 2F9DDDC729A1BFFC009D4CB1 /* manifest.json */; };
		2F9DDDD229A1BFFC009D4CB1 /* icon256.png in Resources */ = {isa = PBXBuildFile; fileRef = 2F9DDDC829A1BFFC009D4CB1 /* icon256.png */; };
		2F9DDDD329A1BFFC009D4CB1 /* content-script.js in Resources */ = {isa = PBXBuildFile; fileRef = 2F9DDDC929A1BFFC009D4CB1 /* content-script.js */; };
		2F9DDDD429A1BFFC009D4CB1 /* popup.css in Resources */ = {isa = PBXBuildFile; fileRef = 2F9DDDCA29A1BFFC009D4CB1 /* popup.css */; };
		2F9DDDD529A1BFFC009D4CB1 /* src in Resources */ = {isa = PBXBuildFile; fileRef = 2F9DDDCB29A1BFFC009D4CB1 /* src */; };
/* End PBXBuildFile section */

/* Begin PBXContainerItemProxy section */
		2F9DDDB129A1BFFC009D4CB1 /* PBXContainerItemProxy */ = {
			isa = PBXContainerItemProxy;
			containerPortal = 2F9DDD8A29A1BFFB009D4CB1 /* Project object */;
			proxyType = 1;
			remoteGlobalIDString = 2F9DDDAE29A1BFFC009D4CB1;
			remoteInfo = "StreetPass for Mastodon Extension";
		};
/* End PBXContainerItemProxy section */

/* Begin PBXCopyFilesBuildPhase section */
		2F9DDDBD29A1BFFC009D4CB1 /* Embed Foundation Extensions */ = {
			isa = PBXCopyFilesBuildPhase;
			buildActionMask = 2147483647;
			dstPath = "";
			dstSubfolderSpec = 13;
			files = (
				2F9DDDB029A1BFFC009D4CB1 /* StreetPass for Mastodon Extension.appex in Embed Foundation Extensions */,
			);
			name = "Embed Foundation Extensions";
			runOnlyForDeploymentPostprocessing = 0;
		};
/* End PBXCopyFilesBuildPhase section */

/* Begin PBXFileReference section */
		2F9DDD9229A1BFFB009D4CB1 /* StreetPass for Mastodon.app */ = {isa = PBXFileReference; explicitFileType = wrapper.application; includeInIndex = 0; path = "StreetPass for Mastodon.app"; sourceTree = BUILT_PRODUCTS_DIR; };
		2F9DDD9529A1BFFB009D4CB1 /* AppDelegate.swift */ = {isa = PBXFileReference; lastKnownFileType = sourcecode.swift; path = AppDelegate.swift; sourceTree = "<group>"; };
		2F9DDD9929A1BFFB009D4CB1 /* Base */ = {isa = PBXFileReference; lastKnownFileType = text.html; name = Base; path = ../Base.lproj/Main.html; sourceTree = "<group>"; };
		2F9DDD9B29A1BFFB009D4CB1 /* Icon.png */ = {isa = PBXFileReference; lastKnownFileType = image.png; path = Icon.png; sourceTree = "<group>"; };
		2F9DDD9D29A1BFFB009D4CB1 /* Style.css */ = {isa = PBXFileReference; lastKnownFileType = text.css; path = Style.css; sourceTree = "<group>"; };
		2F9DDD9F29A1BFFB009D4CB1 /* Script.js */ = {isa = PBXFileReference; lastKnownFileType = sourcecode.javascript; path = Script.js; sourceTree = "<group>"; };
		2F9DDDA129A1BFFB009D4CB1 /* ViewController.swift */ = {isa = PBXFileReference; lastKnownFileType = sourcecode.swift; path = ViewController.swift; sourceTree = "<group>"; };
		2F9DDDA429A1BFFB009D4CB1 /* Base */ = {isa = PBXFileReference; lastKnownFileType = file.storyboard; name = Base; path = Base.lproj/Main.storyboard; sourceTree = "<group>"; };
		2F9DDDA629A1BFFC009D4CB1 /* Assets.xcassets */ = {isa = PBXFileReference; lastKnownFileType = folder.assetcatalog; path = Assets.xcassets; sourceTree = "<group>"; };
		2F9DDDA829A1BFFC009D4CB1 /* Info.plist */ = {isa = PBXFileReference; lastKnownFileType = text.plist.xml; path = Info.plist; sourceTree = "<group>"; };
		2F9DDDA929A1BFFC009D4CB1 /* StreetPass_for_Mastodon.entitlements */ = {isa = PBXFileReference; lastKnownFileType = text.plist.entitlements; path = StreetPass_for_Mastodon.entitlements; sourceTree = "<group>"; };
		2F9DDDAA29A1BFFC009D4CB1 /* StreetPass for Mastodon.entitlements */ = {isa = PBXFileReference; lastKnownFileType = text.plist.entitlements; path = "StreetPass for Mastodon.entitlements"; sourceTree = "<group>"; };
		2F9DDDAF29A1BFFC009D4CB1 /* StreetPass for Mastodon Extension.appex */ = {isa = PBXFileReference; explicitFileType = "wrapper.app-extension"; includeInIndex = 0; path = "StreetPass for Mastodon Extension.appex"; sourceTree = BUILT_PRODUCTS_DIR; };
		2F9DDDB429A1BFFC009D4CB1 /* SafariWebExtensionHandler.swift */ = {isa = PBXFileReference; lastKnownFileType = sourcecode.swift; path = SafariWebExtensionHandler.swift; sourceTree = "<group>"; };
		2F9DDDB629A1BFFC009D4CB1 /* Info.plist */ = {isa = PBXFileReference; lastKnownFileType = text.plist.xml; path = Info.plist; sourceTree = "<group>"; };
		2F9DDDB729A1BFFC009D4CB1 /* StreetPass_for_Mastodon_Extension.entitlements */ = {isa = PBXFileReference; lastKnownFileType = text.plist.entitlements; path = StreetPass_for_Mastodon_Extension.entitlements; sourceTree = "<group>"; };
		2F9DDDC229A1BFFC009D4CB1 /* browser-polyfill.js */ = {isa = PBXFileReference; lastKnownFileType = sourcecode.javascript; name = "browser-polyfill.js"; path = "../../../dist-safari/browser-polyfill.js"; sourceTree = "<group>"; };
		2F9DDDC329A1BFFC009D4CB1 /* popup.js */ = {isa = PBXFileReference; lastKnownFileType = sourcecode.javascript; name = popup.js; path = "../../../dist-safari/popup.js"; sourceTree = "<group>"; };
		2F9DDDC429A1BFFC009D4CB1 /* icon128.png */ = {isa = PBXFileReference; lastKnownFileType = image.png; name = icon128.png; path = "../../../dist-safari/icon128.png"; sourceTree = "<group>"; };
		2F9DDDC529A1BFFC009D4CB1 /* action-active.png */ = {isa = PBXFileReference; lastKnownFileType = image.png; name = "action-active.png"; path = "../../../dist-safari/action-active.png"; sourceTree = "<group>"; };
		2F9DDDC629A1BFFC009D4CB1 /* action-inactive.png */ = {isa = PBXFileReference; lastKnownFileType = image.png; name = "action-inactive.png"; path = "../../../dist-safari/action-inactive.png"; sourceTree = "<group>"; };
		2F9DDDC729A1BFFC009D4CB1 /* manifest.json */ = {isa = PBXFileReference; lastKnownFileType = text.json; name = manifest.json; path = "../../../dist-safari/manifest.json"; sourceTree = "<group>"; };
		2F9DDDC829A1BFFC009D4CB1 /* icon256.png */ = {isa = PBXFileReference; lastKnownFileType = image.png; name = icon256.png; path = "../../../dist-safari/icon256.png"; sourceTree = "<group>"; };
		2F9DDDC929A1BFFC009D4CB1 /* content-script.js */ = {isa = PBXFileReference; lastKnownFileType = sourcecode.javascript; name = "content-script.js"; path = "../../../dist-safari/content-script.js"; sourceTree = "<group>"; };
		2F9DDDCA29A1BFFC009D4CB1 /* popup.css */ = {isa = PBXFileReference; lastKnownFileType = text.css; name = popup.css; path = "../../../dist-safari/popup.css"; sourceTree = "<group>"; };
		2F9DDDCB29A1BFFC009D4CB1 /* src */ = {isa = PBXFileReference; lastKnownFileType = folder; name = src; path = "../../../dist-safari/src"; sourceTree = "<group>"; };
/* End PBXFileReference section */

/* Begin PBXFrameworksBuildPhase section */
		2F9DDD8F29A1BFFB009D4CB1 /* Frameworks */ = {
			isa = PBXFrameworksBuildPhase;
			buildActionMask = 2147483647;
			files = (
			);
			runOnlyForDeploymentPostprocessing = 0;
		};
		2F9DDDAC29A1BFFC009D4CB1 /* Frameworks */ = {
			isa = PBXFrameworksBuildPhase;
			buildActionMask = 2147483647;
			files = (
			);
			runOnlyForDeploymentPostprocessing = 0;
		};
/* End PBXFrameworksBuildPhase section */

/* Begin PBXGroup section */
		2F9DDD8929A1BFFB009D4CB1 = {
			isa = PBXGroup;
			children = (
				2F9DDD9429A1BFFB009D4CB1 /* StreetPass for Mastodon */,
				2F9DDDB329A1BFFC009D4CB1 /* StreetPass for Mastodon Extension */,
				2F9DDD9329A1BFFB009D4CB1 /* Products */,
			);
			sourceTree = "<group>";
		};
		2F9DDD9329A1BFFB009D4CB1 /* Products */ = {
			isa = PBXGroup;
			children = (
				2F9DDD9229A1BFFB009D4CB1 /* StreetPass for Mastodon.app */,
				2F9DDDAF29A1BFFC009D4CB1 /* StreetPass for Mastodon Extension.appex */,
			);
			name = Products;
			sourceTree = "<group>";
		};
		2F9DDD9429A1BFFB009D4CB1 /* StreetPass for Mastodon */ = {
			isa = PBXGroup;
			children = (
				2F9DDD9529A1BFFB009D4CB1 /* AppDelegate.swift */,
				2F9DDDA129A1BFFB009D4CB1 /* ViewController.swift */,
				2F9DDDA329A1BFFB009D4CB1 /* Main.storyboard */,
				2F9DDDA629A1BFFC009D4CB1 /* Assets.xcassets */,
				2F9DDDA829A1BFFC009D4CB1 /* Info.plist */,
				2F9DDDA929A1BFFC009D4CB1 /* StreetPass_for_Mastodon.entitlements */,
				2F9DDDAA29A1BFFC009D4CB1 /* StreetPass for Mastodon.entitlements */,
				2F9DDD9729A1BFFB009D4CB1 /* Resources */,
			);
			path = "StreetPass for Mastodon";
			sourceTree = "<group>";
		};
		2F9DDD9729A1BFFB009D4CB1 /* Resources */ = {
			isa = PBXGroup;
			children = (
				2F9DDD9829A1BFFB009D4CB1 /* Main.html */,
				2F9DDD9B29A1BFFB009D4CB1 /* Icon.png */,
				2F9DDD9D29A1BFFB009D4CB1 /* Style.css */,
				2F9DDD9F29A1BFFB009D4CB1 /* Script.js */,
			);
			path = Resources;
			sourceTree = "<group>";
		};
		2F9DDDB329A1BFFC009D4CB1 /* StreetPass for Mastodon Extension */ = {
			isa = PBXGroup;
			children = (
				2F9DDDC129A1BFFC009D4CB1 /* Resources */,
				2F9DDDB429A1BFFC009D4CB1 /* SafariWebExtensionHandler.swift */,
				2F9DDDB629A1BFFC009D4CB1 /* Info.plist */,
				2F9DDDB729A1BFFC009D4CB1 /* StreetPass_for_Mastodon_Extension.entitlements */,
			);
			path = "StreetPass for Mastodon Extension";
			sourceTree = "<group>";
		};
		2F9DDDC129A1BFFC009D4CB1 /* Resources */ = {
			isa = PBXGroup;
			children = (
				2F9DDDC229A1BFFC009D4CB1 /* browser-polyfill.js */,
				2F9DDDC329A1BFFC009D4CB1 /* popup.js */,
				2F9DDDC429A1BFFC009D4CB1 /* icon128.png */,
				2F9DDDC529A1BFFC009D4CB1 /* action-active.png */,
				2F9DDDC629A1BFFC009D4CB1 /* action-inactive.png */,
				2F9DDDC729A1BFFC009D4CB1 /* manifest.json */,
				2F9DDDC829A1BFFC009D4CB1 /* icon256.png */,
				2F9DDDC929A1BFFC009D4CB1 /* content-script.js */,
				2F9DDDCA29A1BFFC009D4CB1 /* popup.css */,
				2F9DDDCB29A1BFFC009D4CB1 /* src */,
			);
			name = Resources;
			path = "StreetPass for Mastodon Extension";
			sourceTree = SOURCE_ROOT;
		};
/* End PBXGroup section */

/* Begin PBXNativeTarget section */
		2F9DDD9129A1BFFB009D4CB1 /* StreetPass for Mastodon */ = {
			isa = PBXNativeTarget;
			buildConfigurationList = 2F9DDDBE29A1BFFC009D4CB1 /* Build configuration list for PBXNativeTarget "StreetPass for Mastodon" */;
			buildPhases = (
				2F9DDD8E29A1BFFB009D4CB1 /* Sources */,
				2F9DDD8F29A1BFFB009D4CB1 /* Frameworks */,
				2F9DDD9029A1BFFB009D4CB1 /* Resources */,
				2F9DDDBD29A1BFFC009D4CB1 /* Embed Foundation Extensions */,
			);
			buildRules = (
			);
			dependencies = (
				2F9DDDB229A1BFFC009D4CB1 /* PBXTargetDependency */,
			);
			name = "StreetPass for Mastodon";
			productName = "StreetPass for Mastodon";
			productReference = 2F9DDD9229A1BFFB009D4CB1 /* StreetPass for Mastodon.app */;
			productType = "com.apple.product-type.application";
		};
		2F9DDDAE29A1BFFC009D4CB1 /* StreetPass for Mastodon Extension */ = {
			isa = PBXNativeTarget;
			buildConfigurationList = 2F9DDDBA29A1BFFC009D4CB1 /* Build configuration list for PBXNativeTarget "StreetPass for Mastodon Extension" */;
			buildPhases = (
				2F9DDDAB29A1BFFC009D4CB1 /* Sources */,
				2F9DDDAC29A1BFFC009D4CB1 /* Frameworks */,
				2F9DDDAD29A1BFFC009D4CB1 /* Resources */,
			);
			buildRules = (
			);
			dependencies = (
			);
			name = "StreetPass for Mastodon Extension";
			productName = "StreetPass for Mastodon Extension";
			productReference = 2F9DDDAF29A1BFFC009D4CB1 /* StreetPass for Mastodon Extension.appex */;
			productType = "com.apple.product-type.app-extension";
		};
/* End PBXNativeTarget section */

/* Begin PBXProject section */
		2F9DDD8A29A1BFFB009D4CB1 /* Project object */ = {
			isa = PBXProject;
			attributes = {
				BuildIndependentTargetsInParallel = 1;
				LastSwiftUpdateCheck = 1420;
				LastUpgradeCheck = 1420;
				TargetAttributes = {
					2F9DDD9129A1BFFB009D4CB1 = {
						CreatedOnToolsVersion = 14.2;
					};
					2F9DDDAE29A1BFFC009D4CB1 = {
						CreatedOnToolsVersion = 14.2;
					};
				};
			};
			buildConfigurationList = 2F9DDD8D29A1BFFB009D4CB1 /* Build configuration list for PBXProject "StreetPass for Mastodon" */;
			compatibilityVersion = "Xcode 14.0";
			developmentRegion = en;
			hasScannedForEncodings = 0;
			knownRegions = (
				en,
				Base,
			);
			mainGroup = 2F9DDD8929A1BFFB009D4CB1;
			productRefGroup = 2F9DDD9329A1BFFB009D4CB1 /* Products */;
			projectDirPath = "";
			projectRoot = "";
			targets = (
				2F9DDD9129A1BFFB009D4CB1 /* StreetPass for Mastodon */,
				2F9DDDAE29A1BFFC009D4CB1 /* StreetPass for Mastodon Extension */,
			);
		};
/* End PBXProject section */

/* Begin PBXResourcesBuildPhase section */
		2F9DDD9029A1BFFB009D4CB1 /* Resources */ = {
			isa = PBXResourcesBuildPhase;
			buildActionMask = 2147483647;
			files = (
				2F9DDD9C29A1BFFB009D4CB1 /* Icon.png in Resources */,
				2F9DDDA529A1BFFB009D4CB1 /* Main.storyboard in Resources */,
				2F9DDDA029A1BFFB009D4CB1 /* Script.js in Resources */,
				2F9DDD9A29A1BFFB009D4CB1 /* Main.html in Resources */,
				2F9DDDA729A1BFFC009D4CB1 /* Assets.xcassets in Resources */,
				2F9DDD9E29A1BFFB009D4CB1 /* Style.css in Resources */,
			);
			runOnlyForDeploymentPostprocessing = 0;
		};
		2F9DDDAD29A1BFFC009D4CB1 /* Resources */ = {
			isa = PBXResourcesBuildPhase;
			buildActionMask = 2147483647;
			files = (
				2F9DDDCC29A1BFFC009D4CB1 /* browser-polyfill.js in Resources */,
				2F9DDDD329A1BFFC009D4CB1 /* content-script.js in Resources */,
				2F9DDDD229A1BFFC009D4CB1 /* icon256.png in Resources */,
				2F9DDDD029A1BFFC009D4CB1 /* action-inactive.png in Resources */,
				2F9DDDCD29A1BFFC009D4CB1 /* popup.js in Resources */,
				2F9DDDD429A1BFFC009D4CB1 /* popup.css in Resources */,
				2F9DDDCE29A1BFFC009D4CB1 /* icon128.png in Resources */,
				2F9DDDD129A1BFFC009D4CB1 /* manifest.json in Resources */,
				2F9DDDCF29A1BFFC009D4CB1 /* action-active.png in Resources */,
				2F9DDDD529A1BFFC009D4CB1 /* src in Resources */,
			);
			runOnlyForDeploymentPostprocessing = 0;
		};
/* End PBXResourcesBuildPhase section */

/* Begin PBXSourcesBuildPhase section */
		2F9DDD8E29A1BFFB009D4CB1 /* Sources */ = {
			isa = PBXSourcesBuildPhase;
			buildActionMask = 2147483647;
			files = (
				2F9DDDA229A1BFFB009D4CB1 /* ViewController.swift in Sources */,
				2F9DDD9629A1BFFB009D4CB1 /* AppDelegate.swift in Sources */,
			);
			runOnlyForDeploymentPostprocessing = 0;
		};
		2F9DDDAB29A1BFFC009D4CB1 /* Sources */ = {
			isa = PBXSourcesBuildPhase;
			buildActionMask = 2147483647;
			files = (
				2F9DDDB529A1BFFC009D4CB1 /* SafariWebExtensionHandler.swift in Sources */,
			);
			runOnlyForDeploymentPostprocessing = 0;
		};
/* End PBXSourcesBuildPhase section */

/* Begin PBXTargetDependency section */
		2F9DDDB229A1BFFC009D4CB1 /* PBXTargetDependency */ = {
			isa = PBXTargetDependency;
			target = 2F9DDDAE29A1BFFC009D4CB1 /* StreetPass for Mastodon Extension */;
			targetProxy = 2F9DDDB129A1BFFC009D4CB1 /* PBXContainerItemProxy */;
		};
/* End PBXTargetDependency section */

/* Begin PBXVariantGroup section */
		2F9DDD9829A1BFFB009D4CB1 /* Main.html */ = {
			isa = PBXVariantGroup;
			children = (
				2F9DDD9929A1BFFB009D4CB1 /* Base */,
			);
			name = Main.html;
			sourceTree = "<group>";
		};
		2F9DDDA329A1BFFB009D4CB1 /* Main.storyboard */ = {
			isa = PBXVariantGroup;
			children = (
				2F9DDDA429A1BFFB009D4CB1 /* Base */,
			);
			name = Main.storyboard;
			sourceTree = "<group>";
		};
/* End PBXVariantGroup section */

/* Begin XCBuildConfiguration section */
		2F9DDDB829A1BFFC009D4CB1 /* Debug */ = {
			isa = XCBuildConfiguration;
			buildSettings = {
				ALWAYS_SEARCH_USER_PATHS = NO;
				CLANG_ANALYZER_NONNULL = YES;
				CLANG_ANALYZER_NUMBER_OBJECT_CONVERSION = YES_AGGRESSIVE;
				CLANG_CXX_LANGUAGE_STANDARD = "gnu++20";
				CLANG_ENABLE_MODULES = YES;
				CLANG_ENABLE_OBJC_ARC = YES;
				CLANG_ENABLE_OBJC_WEAK = YES;
				CLANG_WARN_BLOCK_CAPTURE_AUTORELEASING = YES;
				CLANG_WARN_BOOL_CONVERSION = YES;
				CLANG_WARN_COMMA = YES;
				CLANG_WARN_CONSTANT_CONVERSION = YES;
				CLANG_WARN_DEPRECATED_OBJC_IMPLEMENTATIONS = YES;
				CLANG_WARN_DIRECT_OBJC_ISA_USAGE = YES_ERROR;
				CLANG_WARN_DOCUMENTATION_COMMENTS = YES;
				CLANG_WARN_EMPTY_BODY = YES;
				CLANG_WARN_ENUM_CONVERSION = YES;
				CLANG_WARN_INFINITE_RECURSION = YES;
				CLANG_WARN_INT_CONVERSION = YES;
				CLANG_WARN_NON_LITERAL_NULL_CONVERSION = YES;
				CLANG_WARN_OBJC_IMPLICIT_RETAIN_SELF = YES;
				CLANG_WARN_OBJC_LITERAL_CONVERSION = YES;
				CLANG_WARN_OBJC_ROOT_CLASS = YES_ERROR;
				CLANG_WARN_QUOTED_INCLUDE_IN_FRAMEWORK_HEADER = YES;
				CLANG_WARN_RANGE_LOOP_ANALYSIS = YES;
				CLANG_WARN_STRICT_PROTOTYPES = YES;
				CLANG_WARN_SUSPICIOUS_MOVE = YES;
				CLANG_WARN_UNGUARDED_AVAILABILITY = YES_AGGRESSIVE;
				CLANG_WARN_UNREACHABLE_CODE = YES;
				CLANG_WARN__DUPLICATE_METHOD_MATCH = YES;
				COPY_PHASE_STRIP = NO;
				DEBUG_INFORMATION_FORMAT = dwarf;
				ENABLE_STRICT_OBJC_MSGSEND = YES;
				ENABLE_TESTABILITY = YES;
				GCC_C_LANGUAGE_STANDARD = gnu11;
				GCC_DYNAMIC_NO_PIC = NO;
				GCC_NO_COMMON_BLOCKS = YES;
				GCC_OPTIMIZATION_LEVEL = 0;
				GCC_PREPROCESSOR_DEFINITIONS = (
					"DEBUG=1",
					"$(inherited)",
				);
				GCC_WARN_64_TO_32_BIT_CONVERSION = YES;
				GCC_WARN_ABOUT_RETURN_TYPE = YES_ERROR;
				GCC_WARN_UNDECLARED_SELECTOR = YES;
				GCC_WARN_UNINITIALIZED_AUTOS = YES_AGGRESSIVE;
				GCC_WARN_UNUSED_FUNCTION = YES;
				GCC_WARN_UNUSED_VARIABLE = YES;
				MACOSX_DEPLOYMENT_TARGET = 13.0;
				MTL_ENABLE_DEBUG_INFO = INCLUDE_SOURCE;
				MTL_FAST_MATH = YES;
				ONLY_ACTIVE_ARCH = YES;
				SDKROOT = macosx;
				SWIFT_ACTIVE_COMPILATION_CONDITIONS = DEBUG;
				SWIFT_OPTIMIZATION_LEVEL = "-Onone";
			};
			name = Debug;
		};
		2F9DDDB929A1BFFC009D4CB1 /* Release */ = {
			isa = XCBuildConfiguration;
			buildSettings = {
				ALWAYS_SEARCH_USER_PATHS = NO;
				CLANG_ANALYZER_NONNULL = YES;
				CLANG_ANALYZER_NUMBER_OBJECT_CONVERSION = YES_AGGRESSIVE;
				CLANG_CXX_LANGUAGE_STANDARD = "gnu++20";
				CLANG_ENABLE_MODULES = YES;
				CLANG_ENABLE_OBJC_ARC = YES;
				CLANG_ENABLE_OBJC_WEAK = YES;
				CLANG_WARN_BLOCK_CAPTURE_AUTORELEASING = YES;
				CLANG_WARN_BOOL_CONVERSION = YES;
				CLANG_WARN_COMMA = YES;
				CLANG_WARN_CONSTANT_CONVERSION = YES;
				CLANG_WARN_DEPRECATED_OBJC_IMPLEMENTATIONS = YES;
				CLANG_WARN_DIRECT_OBJC_ISA_USAGE = YES_ERROR;
				CLANG_WARN_DOCUMENTATION_COMMENTS = YES;
				CLANG_WARN_EMPTY_BODY = YES;
				CLANG_WARN_ENUM_CONVERSION = YES;
				CLANG_WARN_INFINITE_RECURSION = YES;
				CLANG_WARN_INT_CONVERSION = YES;
				CLANG_WARN_NON_LITERAL_NULL_CONVERSION = YES;
				CLANG_WARN_OBJC_IMPLICIT_RETAIN_SELF = YES;
				CLANG_WARN_OBJC_LITERAL_CONVERSION = YES;
				CLANG_WARN_OBJC_ROOT_CLASS = YES_ERROR;
				CLANG_WARN_QUOTED_INCLUDE_IN_FRAMEWORK_HEADER = YES;
				CLANG_WARN_RANGE_LOOP_ANALYSIS = YES;
				CLANG_WARN_STRICT_PROTOTYPES = YES;
				CLANG_WARN_SUSPICIOUS_MOVE = YES;
				CLANG_WARN_UNGUARDED_AVAILABILITY = YES_AGGRESSIVE;
				CLANG_WARN_UNREACHABLE_CODE = YES;
				CLANG_WARN__DUPLICATE_METHOD_MATCH = YES;
				COPY_PHASE_STRIP = NO;
				DEBUG_INFORMATION_FORMAT = "dwarf-with-dsym";
				ENABLE_NS_ASSERTIONS = NO;
				ENABLE_STRICT_OBJC_MSGSEND = YES;
				GCC_C_LANGUAGE_STANDARD = gnu11;
				GCC_NO_COMMON_BLOCKS = YES;
				GCC_WARN_64_TO_32_BIT_CONVERSION = YES;
				GCC_WARN_ABOUT_RETURN_TYPE = YES_ERROR;
				GCC_WARN_UNDECLARED_SELECTOR = YES;
				GCC_WARN_UNINITIALIZED_AUTOS = YES_AGGRESSIVE;
				GCC_WARN_UNUSED_FUNCTION = YES;
				GCC_WARN_UNUSED_VARIABLE = YES;
				MACOSX_DEPLOYMENT_TARGET = 13.0;
				MTL_ENABLE_DEBUG_INFO = NO;
				MTL_FAST_MATH = YES;
				SDKROOT = macosx;
				SWIFT_COMPILATION_MODE = wholemodule;
				SWIFT_OPTIMIZATION_LEVEL = "-O";
			};
			name = Release;
		};
		2F9DDDBB29A1BFFC009D4CB1 /* Debug */ = {
			isa = XCBuildConfiguration;
			buildSettings = {
				CODE_SIGN_ENTITLEMENTS = "StreetPass for Mastodon Extension/StreetPass_for_Mastodon_Extension.entitlements";
				CODE_SIGN_STYLE = Automatic;
				CURRENT_PROJECT_VERSION = 1;
				ENABLE_HARDENED_RUNTIME = YES;
				GENERATE_INFOPLIST_FILE = YES;
				INFOPLIST_FILE = "StreetPass for Mastodon Extension/Info.plist";
				INFOPLIST_KEY_CFBundleDisplayName = "StreetPass for Mastodon Extension";
				INFOPLIST_KEY_NSHumanReadableCopyright = "";
				LD_RUNPATH_SEARCH_PATHS = (
					"$(inherited)",
					"@executable_path/../Frameworks",
					"@executable_path/../../../../Frameworks",
				);
				MACOSX_DEPLOYMENT_TARGET = 13.0;
				MARKETING_VERSION = 1.0;
				OTHER_LDFLAGS = (
					"-framework",
					SafariServices,
				);
				PRODUCT_BUNDLE_IDENTIFIER = "social.streetpass.StreetPass-for-Mastodon.Extension";
				PRODUCT_NAME = "$(TARGET_NAME)";
				SKIP_INSTALL = YES;
				SWIFT_EMIT_LOC_STRINGS = YES;
				SWIFT_VERSION = 5.0;
			};
			name = Debug;
		};
		2F9DDDBC29A1BFFC009D4CB1 /* Release */ = {
			isa = XCBuildConfiguration;
			buildSettings = {
				CODE_SIGN_ENTITLEMENTS = "StreetPass for Mastodon Extension/StreetPass_for_Mastodon_Extension.entitlements";
				CODE_SIGN_STYLE = Automatic;
				CURRENT_PROJECT_VERSION = 1;
				ENABLE_HARDENED_RUNTIME = YES;
				GENERATE_INFOPLIST_FILE = YES;
				INFOPLIST_FILE = "StreetPass for Mastodon Extension/Info.plist";
				INFOPLIST_KEY_CFBundleDisplayName = "StreetPass for Mastodon Extension";
				INFOPLIST_KEY_NSHumanReadableCopyright = "";
				LD_RUNPATH_SEARCH_PATHS = (
					"$(inherited)",
					"@executable_path/../Frameworks",
					"@executable_path/../../../../Frameworks",
				);
				MACOSX_DEPLOYMENT_TARGET = 13.0;
				MARKETING_VERSION = 1.0;
				OTHER_LDFLAGS = (
					"-framework",
					SafariServices,
				);
				PRODUCT_BUNDLE_IDENTIFIER = "social.streetpass.StreetPass-for-Mastodon.Extension";
				PRODUCT_NAME = "$(TARGET_NAME)";
				SKIP_INSTALL = YES;
				SWIFT_EMIT_LOC_STRINGS = YES;
				SWIFT_VERSION = 5.0;
			};
			name = Release;
		};
		2F9DDDBF29A1BFFC009D4CB1 /* Debug */ = {
			isa = XCBuildConfiguration;
			buildSettings = {
				ALWAYS_EMBED_SWIFT_STANDARD_LIBRARIES = YES;
				ASSETCATALOG_COMPILER_APPICON_NAME = AppIcon;
				ASSETCATALOG_COMPILER_GLOBAL_ACCENT_COLOR_NAME = AccentColor;
				CODE_SIGN_ENTITLEMENTS = "StreetPass for Mastodon/StreetPass for Mastodon.entitlements";
				CODE_SIGN_STYLE = Automatic;
				COMBINE_HIDPI_IMAGES = YES;
				CURRENT_PROJECT_VERSION = 1;
				ENABLE_HARDENED_RUNTIME = YES;
				GENERATE_INFOPLIST_FILE = YES;
				INFOPLIST_FILE = "StreetPass for Mastodon/Info.plist";
				INFOPLIST_KEY_CFBundleDisplayName = "StreetPass for Mastodon";
				INFOPLIST_KEY_NSHumanReadableCopyright = "";
				INFOPLIST_KEY_NSMainStoryboardFile = Main;
				INFOPLIST_KEY_NSPrincipalClass = NSApplication;
				LD_RUNPATH_SEARCH_PATHS = (
					"$(inherited)",
					"@executable_path/../Frameworks",
				);
				MACOSX_DEPLOYMENT_TARGET = 13.0;
				MARKETING_VERSION = 1.0;
				OTHER_LDFLAGS = (
					"-framework",
					SafariServices,
					"-framework",
					WebKit,
				);
				PRODUCT_BUNDLE_IDENTIFIER = "social.streetpass.StreetPass-for-Mastodon";
				PRODUCT_NAME = "$(TARGET_NAME)";
				SWIFT_EMIT_LOC_STRINGS = YES;
				SWIFT_VERSION = 5.0;
			};
			name = Debug;
		};
		2F9DDDC029A1BFFC009D4CB1 /* Release */ = {
			isa = XCBuildConfiguration;
			buildSettings = {
				ALWAYS_EMBED_SWIFT_STANDARD_LIBRARIES = YES;
				ASSETCATALOG_COMPILER_APPICON_NAME = AppIcon;
				ASSETCATALOG_COMPILER_GLOBAL_ACCENT_COLOR_NAME = AccentColor;
				CODE_SIGN_ENTITLEMENTS = "StreetPass for Mastodon/StreetPass for Mastodon.entitlements";
				CODE_SIGN_STYLE = Automatic;
				COMBINE_HIDPI_IMAGES = YES;
				CURRENT_PROJECT_VERSION = 1;
				ENABLE_HARDENED_RUNTIME = YES;
				GENERATE_INFOPLIST_FILE = YES;
				INFOPLIST_FILE = "StreetPass for Mastodon/Info.plist";
				INFOPLIST_KEY_CFBundleDisplayName = "StreetPass for Mastodon";
				INFOPLIST_KEY_NSHumanReadableCopyright = "";
				INFOPLIST_KEY_NSMainStoryboardFile = Main;
				INFOPLIST_KEY_NSPrincipalClass = NSApplication;
				LD_RUNPATH_SEARCH_PATHS = (
					"$(inherited)",
					"@executable_path/../Frameworks",
				);
				MACOSX_DEPLOYMENT_TARGET = 13.0;
				MARKETING_VERSION = 1.0;
				OTHER_LDFLAGS = (
					"-framework",
					SafariServices,
					"-framework",
					WebKit,
				);
				PRODUCT_BUNDLE_IDENTIFIER = "social.streetpass.StreetPass-for-Mastodon";
				PRODUCT_NAME = "$(TARGET_NAME)";
				SWIFT_EMIT_LOC_STRINGS = YES;
				SWIFT_VERSION = 5.0;
			};
			name = Release;
		};
/* End XCBuildConfiguration section */

/* Begin XCConfigurationList section */
		2F9DDD8D29A1BFFB009D4CB1 /* Build configuration list for PBXProject "StreetPass for Mastodon" */ = {
			isa = XCConfigurationList;
			buildConfigurations = (
				2F9DDDB829A1BFFC009D4CB1 /* Debug */,
				2F9DDDB929A1BFFC009D4CB1 /* Release */,
			);
			defaultConfigurationIsVisible = 0;
			defaultConfigurationName = Release;
		};
		2F9DDDBA29A1BFFC009D4CB1 /* Build configuration list for PBXNativeTarget "StreetPass for Mastodon Extension" */ = {
			isa = XCConfigurationList;
			buildConfigurations = (
				2F9DDDBB29A1BFFC009D4CB1 /* Debug */,
				2F9DDDBC29A1BFFC009D4CB1 /* Release */,
			);
			defaultConfigurationIsVisible = 0;
			defaultConfigurationName = Release;
		};
		2F9DDDBE29A1BFFC009D4CB1 /* Build configuration list for PBXNativeTarget "StreetPass for Mastodon" */ = {
			isa = XCConfigurationList;
			buildConfigurations = (
				2F9DDDBF29A1BFFC009D4CB1 /* Debug */,
				2F9DDDC029A1BFFC009D4CB1 /* Release */,
			);
			defaultConfigurationIsVisible = 0;
			defaultConfigurationName = Release;
		};
/* End XCConfigurationList section */
	};
	rootObject = 2F9DDD8A29A1BFFB009D4CB1 /* Project object */;
}
